
Microsoft Visual Studio Solution File, Format Version 12.00
# Visual Studio Version 17
VisualStudioVersion = 17.3.32825.248
MinimumVisualStudioVersion = 10.0.40219.1
Project("{9A19103F-16F7-4668-BE54-9A1E7A4F7556}") = "NLayer.Core", "NLayer.Core\NLayer.Core.csproj", "{4E3E53B7-DC34-4508-BC1F-1AD311A87F79}"
EndProject
Project("{9A19103F-16F7-4668-BE54-9A1E7A4F7556}") = "NLayer.Repository", "NLayer.Repository\NLayer.Repository.csproj", "{1C03EE72-C6AA-4AF0-8E20-2358A3B4F8C4}"
EndProject
Project("{9A19103F-16F7-4668-BE54-9A1E7A4F7556}") = "NLayer.Service", "NLayer.Service\NLayer.Service.csproj", "{23158030-68A0-48BA-A3E8-19845C2A1946}"
EndProject
Project("{9A19103F-16F7-4668-BE54-9A1E7A4F7556}") = "NLayer.API", "NLayer.API\NLayer.API.csproj", "{2AF4AB5E-DF25-4372-B943-A54B55CDC381}"
EndProject
Project("{9A19103F-16F7-4668-BE54-9A1E7A4F7556}") = "NLayer.Web", "NLayer.Web\NLayer.Web.csproj", "{919913EB-B12B-4503-BDEE-D1DFEC1E9064}"
EndProject
Project("{9A19103F-16F7-4668-BE54-9A1E7A4F7556}") = "NLayer.Caching", "NLayer.Caching\NLayer.Caching.csproj", "{2568A4A0-3377-407F-BF0C-B4B44040865B}"
EndProject
Project("{2150E333-8FDC-42A3-9474-1A3956D46DE8}") = "Ports", "Ports", "{27DB6CBC-1284-450A-91C8-AF791AA72328}"
	ProjectSection(SolutionItems) = preProject
		Port.txt = Port.txt
	EndProjectSection
EndProject
Global
	GlobalSection(SolutionConfigurationPlatforms) = preSolution
		Debug|Any CPU = Debug|Any CPU
		Release|Any CPU = Release|Any CPU
	EndGlobalSection
	GlobalSection(ProjectConfigurationPlatforms) = postSolution
		{4E3E53B7-DC34-4508-BC1F-1AD311A87F79}.Debug|Any CPU.ActiveCfg = Debug|Any CPU
		{4E3E53B7-DC34-4508-BC1F-1AD311A87F79}.Debug|Any CPU.Build.0 = Debug|Any CPU
		{4E3E53B7-DC34-4508-BC1F-1AD311A87F79}.Release|Any CPU.ActiveCfg = Release|Any CPU
		{4E3E53B7-DC34-4508-BC1F-1AD311A87F79}.Release|Any CPU.Build.0 = Release|Any CPU
		{1C03EE72-C6AA-4AF0-8E20-2358A3B4F8C4}.Debug|Any CPU.ActiveCfg = Debug|Any CPU
		{1C03EE72-C6AA-4AF0-8E20-2358A3B4F8C4}.Debug|Any CPU.Build.0 = Debug|Any CPU
		{1C03EE72-C6AA-4AF0-8E20-2358A3B4F8C4}.Release|Any CPU.ActiveCfg = Release|Any CPU
		{1C03EE72-C6AA-4AF0-8E20-2358A3B4F8C4}.Release|Any CPU.Build.0 = Release|Any CPU
		{23158030-68A0-48BA-A3E8-19845C2A1946}.Debug|Any CPU.ActiveCfg = Debug|Any CPU
		{23158030-68A0-48BA-A3E8-19845C2A1946}.Debug|Any CPU.Build.0 = Debug|Any CPU
		{23158030-68A0-48BA-A3E8-19845C2A1946}.Release|Any CPU.ActiveCfg = Release|Any CPU
		{23158030-68A0-48BA-A3E8-19845C2A1946}.Release|Any CPU.Build.0 = Release|Any CPU
		{2AF4AB5E-DF25-4372-B943-A54B55CDC381}.Debug|Any CPU.ActiveCfg = Debug|Any CPU
		{2AF4AB5E-DF25-4372-B943-A54B55CDC381}.Debug|Any CPU.Build.0 = Debug|Any CPU
		{2AF4AB5E-DF25-4372-B943-A54B55CDC381}.Release|Any CPU.ActiveCfg = Release|Any CPU
		{2AF4AB5E-DF25-4372-B943-A54B55CDC381}.Release|Any CPU.Build.0 = Release|Any CPU
		{919913EB-B12B-4503-BDEE-D1DFEC1E9064}.Debug|Any CPU.ActiveCfg = Debug|Any CPU
		{919913EB-B12B-4503-BDEE-D1DFEC1E9064}.Debug|Any CPU.Build.0 = Debug|Any CPU
		{919913EB-B12B-4503-BDEE-D1DFEC1E9064}.Release|Any CPU.ActiveCfg = Release|Any CPU
		{919913EB-B12B-4503-BDEE-D1DFEC1E9064}.Release|Any CPU.Build.0 = Release|Any CPU
		{2568A4A0-3377-407F-BF0C-B4B44040865B}.Debug|Any CPU.ActiveCfg = Debug|Any CPU
		{2568A4A0-3377-407F-BF0C-B4B44040865B}.Debug|Any CPU.Build.0 = Debug|Any CPU
		{2568A4A0-3377-407F-BF0C-B4B44040865B}.Release|Any CPU.ActiveCfg = Release|Any CPU
		{2568A4A0-3377-407F-BF0C-B4B44040865B}.Release|Any CPU.Build.0 = Release|Any CPU
	EndGlobalSection
	GlobalSection(SolutionProperties) = preSolution
		HideSolutionNode = FALSE
	EndGlobalSection
	GlobalSection(ExtensibilityGlobals) = postSolution
		SolutionGuid = {CC411E8A-8A9F-4796-8981-402CAD1A73F6}
	EndGlobalSection
EndGlobal
